
Microsoft Visual Studio Solution File, Format Version 12.00
# Visual Studio Version 17
VisualStudioVersion = 17.4.33205.214
MinimumVisualStudioVersion = 10.0.40219.1
Project("{FAE04EC0-301F-11D3-BF4B-00C04F79EFBC}") = "Conversor1.0", "Conversor1.0\Conversor1.0.csproj", "{F532A60A-92F4-4562-954B-7717A9BC7103}"
EndProject
Global
	GlobalSection(SolutionConfigurationPlatforms) = preSolution
		Debug|Any CPU = Debug|Any CPU
		Release|Any CPU = Release|Any CPU
	EndGlobalSection
	GlobalSection(ProjectConfigurationPlatforms) = postSolution
		{F532A60A-92F4-4562-954B-7717A9BC7103}.Debug|Any CPU.ActiveCfg = Debug|Any CPU
		{F532A60A-92F4-4562-954B-7717A9BC7103}.Debug|Any CPU.Build.0 = Debug|Any CPU
		{F532A60A-92F4-4562-954B-7717A9BC7103}.Release|Any CPU.ActiveCfg = Release|Any CPU
		{F532A60A-92F4-4562-954B-7717A9BC7103}.Release|Any CPU.Build.0 = Release|Any CPU
	EndGlobalSection
	GlobalSection(SolutionProperties) = preSolution
		HideSolutionNode = FALSE
	EndGlobalSection
	GlobalSection(ExtensibilityGlobals) = postSolution
		SolutionGuid = {C0E288FF-B144-43F0-B2DB-CFA78C713614}
	EndGlobalSection
EndGlobal
